
Microsoft Visual Studio Solution File, Format Version 12.00
# Visual Studio Version 16
VisualStudioVersion = 16.0.30011.22
MinimumVisualStudioVersion = 10.0.40219.1
Project("{FAE04EC0-301F-11D3-BF4B-00C04F79EFBC}") = "App2.UWP", "App2.UWP\App2.UWP.csproj", "{4CCF7150-29A6-45C4-B1DC-48E2B11830A9}"
EndProject
Project("{FAE04EC0-301F-11D3-BF4B-00C04F79EFBC}") = "App2.Android", "App2.Android\App2.Android.csproj", "{5B463971-8CBE-4335-81BD-E0908882D837}"
EndProject
Project("{FAE04EC0-301F-11D3-BF4B-00C04F79EFBC}") = "App2.iOS", "App2.iOS\App2.iOS.csproj", "{2EC97C8C-444D-4C60-BED8-ED4E828BF058}"
EndProject
Project("{FAE04EC0-301F-11D3-BF4B-00C04F79EFBC}") = "App2", "App2\App2.csproj", "{C973FF45-77D6-4A2A-B014-E9AE65C43419}"
EndProject
Global
	GlobalSection(SolutionConfigurationPlatforms) = preSolution
		Debug|Any CPU = Debug|Any CPU
		Debug|ARM = Debug|ARM
		Debug|iPhone = Debug|iPhone
		Debug|iPhoneSimulator = Debug|iPhoneSimulator
		Debug|x64 = Debug|x64
		Debug|x86 = Debug|x86
		Release|Any CPU = Release|Any CPU
		Release|ARM = Release|ARM
		Release|iPhone = Release|iPhone
		Release|iPhoneSimulator = Release|iPhoneSimulator
		Release|x64 = Release|x64
		Release|x86 = Release|x86
	EndGlobalSection
	GlobalSection(ProjectConfigurationPlatforms) = postSolution
		{4CCF7150-29A6-45C4-B1DC-48E2B11830A9}.Debug|Any CPU.ActiveCfg = Debug|x86
		{4CCF7150-29A6-45C4-B1DC-48E2B11830A9}.Debug|Any CPU.Build.0 = Debug|x86
		{4CCF7150-29A6-45C4-B1DC-48E2B11830A9}.Debug|Any CPU.Deploy.0 = Debug|x86
		{4CCF7150-29A6-45C4-B1DC-48E2B11830A9}.Debug|ARM.ActiveCfg = Debug|ARM
		{4CCF7150-29A6-45C4-B1DC-48E2B11830A9}.Debug|ARM.Build.0 = Debug|ARM
		{4CCF7150-29A6-45C4-B1DC-48E2B11830A9}.Debug|ARM.Deploy.0 = Debug|ARM
		{4CCF7150-29A6-45C4-B1DC-48E2B11830A9}.Debug|iPhone.ActiveCfg = Debug|x86
		{4CCF7150-29A6-45C4-B1DC-48E2B11830A9}.Debug|iPhone.Build.0 = Debug|x86
		{4CCF7150-29A6-45C4-B1DC-48E2B11830A9}.Debug|iPhone.Deploy.0 = Debug|x86
		{4CCF7150-29A6-45C4-B1DC-48E2B11830A9}.Debug|iPhoneSimulator.ActiveCfg = Debug|x86
		{4CCF7150-29A6-45C4-B1DC-48E2B11830A9}.Debug|iPhoneSimulator.Build.0 = Debug|x86
		{4CCF7150-29A6-45C4-B1DC-48E2B11830A9}.Debug|iPhoneSimulator.Deploy.0 = Debug|x86
		{4CCF7150-29A6-45C4-B1DC-48E2B11830A9}.Debug|x64.ActiveCfg = Debug|x64
		{4CCF7150-29A6-45C4-B1DC-48E2B11830A9}.Debug|x64.Build.0 = Debug|x64
		{4CCF7150-29A6-45C4-B1DC-48E2B11830A9}.Debug|x64.Deploy.0 = Debug|x64
		{4CCF7150-29A6-45C4-B1DC-48E2B11830A9}.Debug|x86.ActiveCfg = Debug|x86
		{4CCF7150-29A6-45C4-B1DC-48E2B11830A9}.Debug|x86.Build.0 = Debug|x86
		{4CCF7150-29A6-45C4-B1DC-48E2B11830A9}.Debug|x86.Deploy.0 = Debug|x86
		{4CCF7150-29A6-45C4-B1DC-48E2B11830A9}.Release|Any CPU.ActiveCfg = Release|x86
		{4CCF7150-29A6-45C4-B1DC-48E2B11830A9}.Release|Any CPU.Build.0 = Release|x86
		{4CCF7150-29A6-45C4-B1DC-48E2B11830A9}.Release|Any CPU.Deploy.0 = Release|x86
		{4CCF7150-29A6-45C4-B1DC-48E2B11830A9}.Release|ARM.ActiveCfg = Release|ARM
		{4CCF7150-29A6-45C4-B1DC-48E2B11830A9}.Release|ARM.Build.0 = Release|ARM
		{4CCF7150-29A6-45C4-B1DC-48E2B11830A9}.Release|ARM.Deploy.0 = Release|ARM
		{4CCF7150-29A6-45C4-B1DC-48E2B11830A9}.Release|iPhone.ActiveCfg = Release|x86
		{4CCF7150-29A6-45C4-B1DC-48E2B11830A9}.Release|iPhone.Build.0 = Release|x86
		{4CCF7150-29A6-45C4-B1DC-48E2B11830A9}.Release|iPhone.Deploy.0 = Release|x86
		{4CCF7150-29A6-45C4-B1DC-48E2B11830A9}.Release|iPhoneSimulator.ActiveCfg = Release|x86
		{4CCF7150-29A6-45C4-B1DC-48E2B11830A9}.Release|iPhoneSimulator.Build.0 = Release|x86
		{4CCF7150-29A6-45C4-B1DC-48E2B11830A9}.Release|iPhoneSimulator.Deploy.0 = Release|x86
		{4CCF7150-29A6-45C4-B1DC-48E2B11830A9}.Release|x64.ActiveCfg = Release|x64
		{4CCF7150-29A6-45C4-B1DC-48E2B11830A9}.Release|x64.Build.0 = Release|x64
		{4CCF7150-29A6-45C4-B1DC-48E2B11830A9}.Release|x64.Deploy.0 = Release|x64
		{4CCF7150-29A6-45C4-B1DC-48E2B11830A9}.Release|x86.ActiveCfg = Release|x86
		{4CCF7150-29A6-45C4-B1DC-48E2B11830A9}.Release|x86.Build.0 = Release|x86
		{4CCF7150-29A6-45C4-B1DC-48E2B11830A9}.Release|x86.Deploy.0 = Release|x86
		{5B463971-8CBE-4335-81BD-E0908882D837}.Debug|Any CPU.ActiveCfg = Debug|Any CPU
		{5B463971-8CBE-4335-81BD-E0908882D837}.Debug|Any CPU.Build.0 = Debug|Any CPU
		{5B463971-8CBE-4335-81BD-E0908882D837}.Debug|Any CPU.Deploy.0 = Debug|Any CPU
		{5B463971-8CBE-4335-81BD-E0908882D837}.Debug|ARM.ActiveCfg = Debug|Any CPU
		{5B463971-8CBE-4335-81BD-E0908882D837}.Debug|ARM.Build.0 = Debug|Any CPU
		{5B463971-8CBE-4335-81BD-E0908882D837}.Debug|ARM.Deploy.0 = Debug|Any CPU
		{5B463971-8CBE-4335-81BD-E0908882D837}.Debug|iPhone.ActiveCfg = Debug|Any CPU
		{5B463971-8CBE-4335-81BD-E0908882D837}.Debug|iPhone.Build.0 = Debug|Any CPU
		{5B463971-8CBE-4335-81BD-E0908882D837}.Debug|iPhone.Deploy.0 = Debug|Any CPU
		{5B463971-8CBE-4335-81BD-E0908882D837}.Debug|iPhoneSimulator.ActiveCfg = Debug|Any CPU
		{5B463971-8CBE-4335-81BD-E0908882D837}.Debug|iPhoneSimulator.Build.0 = Debug|Any CPU
		{5B463971-8CBE-4335-81BD-E0908882D837}.Debug|iPhoneSimulator.Deploy.0 = Debug|Any CPU
		{5B463971-8CBE-4335-81BD-E0908882D837}.Debug|x64.ActiveCfg = Debug|Any CPU
		{5B463971-8CBE-4335-81BD-E0908882D837}.Debug|x64.Build.0 = Debug|Any CPU
		{5B463971-8CBE-4335-81BD-E0908882D837}.Debug|x64.Deploy.0 = Debug|Any CPU
		{5B463971-8CBE-4335-81BD-E0908882D837}.Debug|x86.ActiveCfg = Debug|Any CPU
		{5B463971-8CBE-4335-81BD-E0908882D837}.Debug|x86.Build.0 = Debug|Any CPU
		{5B463971-8CBE-4335-81BD-E0908882D837}.Debug|x86.Deploy.0 = Debug|Any CPU
		{5B463971-8CBE-4335-81BD-E0908882D837}.Release|Any CPU.ActiveCfg = Release|Any CPU
		{5B463971-8CBE-4335-81BD-E0908882D837}.Release|Any CPU.Build.0 = Release|Any CPU
		{5B463971-8CBE-4335-81BD-E0908882D837}.Release|Any CPU.Deploy.0 = Release|Any CPU
		{5B463971-8CBE-4335-81BD-E0908882D837}.Release|ARM.ActiveCfg = Release|Any CPU
		{5B463971-8CBE-4335-81BD-E0908882D837}.Release|ARM.Build.0 = Release|Any CPU
		{5B463971-8CBE-4335-81BD-E0908882D837}.Release|ARM.Deploy.0 = Release|Any CPU
		{5B463971-8CBE-4335-81BD-E0908882D837}.Release|iPhone.ActiveCfg = Release|Any CPU
		{5B463971-8CBE-4335-81BD-E0908882D837}.Release|iPhone.Build.0 = Release|Any CPU
		{5B463971-8CBE-4335-81BD-E0908882D837}.Release|iPhone.Deploy.0 = Release|Any CPU
		{5B463971-8CBE-4335-81BD-E0908882D837}.Release|iPhoneSimulator.ActiveCfg = Release|Any CPU
		{5B463971-8CBE-4335-81BD-E0908882D837}.Release|iPhoneSimulator.Build.0 = Release|Any CPU
		{5B463971-8CBE-4335-81BD-E0908882D837}.Release|iPhoneSimulator.Deploy.0 = Release|Any CPU
		{5B463971-8CBE-4335-81BD-E0908882D837}.Release|x64.ActiveCfg = Release|Any CPU
		{5B463971-8CBE-4335-81BD-E0908882D837}.Release|x64.Build.0 = Release|Any CPU
		{5B463971-8CBE-4335-81BD-E0908882D837}.Release|x64.Deploy.0 = Release|Any CPU
		{5B463971-8CBE-4335-81BD-E0908882D837}.Release|x86.ActiveCfg = Release|Any CPU
		{5B463971-8CBE-4335-81BD-E0908882D837}.Release|x86.Build.0 = Release|Any CPU
		{5B463971-8CBE-4335-81BD-E0908882D837}.Release|x86.Deploy.0 = Release|Any CPU
		{2EC97C8C-444D-4C60-BED8-ED4E828BF058}.Debug|Any CPU.ActiveCfg = Debug|iPhone
		{2EC97C8C-444D-4C60-BED8-ED4E828BF058}.Debug|Any CPU.Build.0 = Debug|iPhone
		{2EC97C8C-444D-4C60-BED8-ED4E828BF058}.Debug|Any CPU.Deploy.0 = Debug|iPhone
		{2EC97C8C-444D-4C60-BED8-ED4E828BF058}.Debug|ARM.ActiveCfg = Debug|iPhone
		{2EC97C8C-444D-4C60-BED8-ED4E828BF058}.Debug|ARM.Build.0 = Debug|iPhone
		{2EC97C8C-444D-4C60-BED8-ED4E828BF058}.Debug|ARM.Deploy.0 = Debug|iPhone
		{2EC97C8C-444D-4C60-BED8-ED4E828BF058}.Debug|iPhone.ActiveCfg = Debug|iPhone
		{2EC97C8C-444D-4C60-BED8-ED4E828BF058}.Debug|iPhone.Build.0 = Debug|iPhone
		{2EC97C8C-444D-4C60-BED8-ED4E828BF058}.Debug|iPhone.Deploy.0 = Debug|iPhone
		{2EC97C8C-444D-4C60-BED8-ED4E828BF058}.Debug|iPhoneSimulator.ActiveCfg = Debug|iPhoneSimulator
		{2EC97C8C-444D-4C60-BED8-ED4E828BF058}.Debug|iPhoneSimulator.Build.0 = Debug|iPhoneSimulator
		{2EC97C8C-444D-4C60-BED8-ED4E828BF058}.Debug|iPhoneSimulator.Deploy.0 = Debug|iPhoneSimulator
		{2EC97C8C-444D-4C60-BED8-ED4E828BF058}.Debug|x64.ActiveCfg = Debug|iPhone
		{2EC97C8C-444D-4C60-BED8-ED4E828BF058}.Debug|x64.Build.0 = Debug|iPhone
		{2EC97C8C-444D-4C60-BED8-ED4E828BF058}.Debug|x64.Deploy.0 = Debug|iPhone
		{2EC97C8C-444D-4C60-BED8-ED4E828BF058}.Debug|x86.ActiveCfg = Debug|iPhone
		{2EC97C8C-444D-4C60-BED8-ED4E828BF058}.Debug|x86.Build.0 = Debug|iPhone
		{2EC97C8C-444D-4C60-BED8-ED4E828BF058}.Debug|x86.Deploy.0 = Debug|iPhone
		{2EC97C8C-444D-4C60-BED8-ED4E828BF058}.Release|Any CPU.ActiveCfg = Release|iPhone
		{2EC97C8C-444D-4C60-BED8-ED4E828BF058}.Release|Any CPU.Build.0 = Release|iPhone
		{2EC97C8C-444D-4C60-BED8-ED4E828BF058}.Release|Any CPU.Deploy.0 = Release|iPhone
		{2EC97C8C-444D-4C60-BED8-ED4E828BF058}.Release|ARM.ActiveCfg = Release|iPhone
		{2EC97C8C-444D-4C60-BED8-ED4E828BF058}.Release|ARM.Build.0 = Release|iPhone
		{2EC97C8C-444D-4C60-BED8-ED4E828BF058}.Release|ARM.Deploy.0 = Release|iPhone
		{2EC97C8C-444D-4C60-BED8-ED4E828BF058}.Release|iPhone.ActiveCfg = Release|iPhone
		{2EC97C8C-444D-4C60-BED8-ED4E828BF058}.Release|iPhone.Build.0 = Release|iPhone
		{2EC97C8C-444D-4C60-BED8-ED4E828BF058}.Release|iPhone.Deploy.0 = Release|iPhone
		{2EC97C8C-444D-4C60-BED8-ED4E828BF058}.Release|iPhoneSimulator.ActiveCfg = Release|iPhoneSimulator
		{2EC97C8C-444D-4C60-BED8-ED4E828BF058}.Release|iPhoneSimulator.Build.0 = Release|iPhoneSimulator
		{2EC97C8C-444D-4C60-BED8-ED4E828BF058}.Release|iPhoneSimulator.Deploy.0 = Release|iPhoneSimulator
		{2EC97C8C-444D-4C60-BED8-ED4E828BF058}.Release|x64.ActiveCfg = Release|iPhone
		{2EC97C8C-444D-4C60-BED8-ED4E828BF058}.Release|x64.Build.0 = Release|iPhone
		{2EC97C8C-444D-4C60-BED8-ED4E828BF058}.Release|x64.Deploy.0 = Release|iPhone
		{2EC97C8C-444D-4C60-BED8-ED4E828BF058}.Release|x86.ActiveCfg = Release|iPhone
		{2EC97C8C-444D-4C60-BED8-ED4E828BF058}.Release|x86.Build.0 = Release|iPhone
		{2EC97C8C-444D-4C60-BED8-ED4E828BF058}.Release|x86.Deploy.0 = Release|iPhone
		{C973FF45-77D6-4A2A-B014-E9AE65C43419}.Debug|Any CPU.ActiveCfg = Debug|Any CPU
		{C973FF45-77D6-4A2A-B014-E9AE65C43419}.Debug|Any CPU.Build.0 = Debug|Any CPU
		{C973FF45-77D6-4A2A-B014-E9AE65C43419}.Debug|Any CPU.Deploy.0 = Debug|Any CPU
		{C973FF45-77D6-4A2A-B014-E9AE65C43419}.Debug|ARM.ActiveCfg = Debug|Any CPU
		{C973FF45-77D6-4A2A-B014-E9AE65C43419}.Debug|ARM.Build.0 = Debug|Any CPU
		{C973FF45-77D6-4A2A-B014-E9AE65C43419}.Debug|ARM.Deploy.0 = Debug|Any CPU
		{C973FF45-77D6-4A2A-B014-E9AE65C43419}.Debug|iPhone.ActiveCfg = Debug|Any CPU
		{C973FF45-77D6-4A2A-B014-E9AE65C43419}.Debug|iPhone.Build.0 = Debug|Any CPU
		{C973FF45-77D6-4A2A-B014-E9AE65C43419}.Debug|iPhone.Deploy.0 = Debug|Any CPU
		{C973FF45-77D6-4A2A-B014-E9AE65C43419}.Debug|iPhoneSimulator.ActiveCfg = Debug|Any CPU
		{C973FF45-77D6-4A2A-B014-E9AE65C43419}.Debug|iPhoneSimulator.Build.0 = Debug|Any CPU
		{C973FF45-77D6-4A2A-B014-E9AE65C43419}.Debug|iPhoneSimulator.Deploy.0 = Debug|Any CPU
		{C973FF45-77D6-4A2A-B014-E9AE65C43419}.Debug|x64.ActiveCfg = Debug|Any CPU
		{C973FF45-77D6-4A2A-B014-E9AE65C43419}.Debug|x64.Build.0 = Debug|Any CPU
		{C973FF45-77D6-4A2A-B014-E9AE65C43419}.Debug|x64.Deploy.0 = Debug|Any CPU
		{C973FF45-77D6-4A2A-B014-E9AE65C43419}.Debug|x86.ActiveCfg = Debug|Any CPU
		{C973FF45-77D6-4A2A-B014-E9AE65C43419}.Debug|x86.Build.0 = Debug|Any CPU
		{C973FF45-77D6-4A2A-B014-E9AE65C43419}.Debug|x86.Deploy.0 = Debug|Any CPU
		{C973FF45-77D6-4A2A-B014-E9AE65C43419}.Release|Any CPU.ActiveCfg = Release|Any CPU
		{C973FF45-77D6-4A2A-B014-E9AE65C43419}.Release|Any CPU.Build.0 = Release|Any CPU
		{C973FF45-77D6-4A2A-B014-E9AE65C43419}.Release|Any CPU.Deploy.0 = Release|Any CPU
		{C973FF45-77D6-4A2A-B014-E9AE65C43419}.Release|ARM.ActiveCfg = Release|Any CPU
		{C973FF45-77D6-4A2A-B014-E9AE65C43419}.Release|ARM.Build.0 = Release|Any CPU
		{C973FF45-77D6-4A2A-B014-E9AE65C43419}.Release|ARM.Deploy.0 = Release|Any CPU
		{C973FF45-77D6-4A2A-B014-E9AE65C43419}.Release|iPhone.ActiveCfg = Release|Any CPU
		{C973FF45-77D6-4A2A-B014-E9AE65C43419}.Release|iPhone.Build.0 = Release|Any CPU
		{C973FF45-77D6-4A2A-B014-E9AE65C43419}.Release|iPhone.Deploy.0 = Release|Any CPU
		{C973FF45-77D6-4A2A-B014-E9AE65C43419}.Release|iPhoneSimulator.ActiveCfg = Release|Any CPU
		{C973FF45-77D6-4A2A-B014-E9AE65C43419}.Release|iPhoneSimulator.Build.0 = Release|Any CPU
		{C973FF45-77D6-4A2A-B014-E9AE65C43419}.Release|iPhoneSimulator.Deploy.0 = Release|Any CPU
		{C973FF45-77D6-4A2A-B014-E9AE65C43419}.Release|x64.ActiveCfg = Release|Any CPU
		{C973FF45-77D6-4A2A-B014-E9AE65C43419}.Release|x64.Build.0 = Release|Any CPU
		{C973FF45-77D6-4A2A-B014-E9AE65C43419}.Release|x64.Deploy.0 = Release|Any CPU
		{C973FF45-77D6-4A2A-B014-E9AE65C43419}.Release|x86.ActiveCfg = Release|Any CPU
		{C973FF45-77D6-4A2A-B014-E9AE65C43419}.Release|x86.Build.0 = Release|Any CPU
		{C973FF45-77D6-4A2A-B014-E9AE65C43419}.Release|x86.Deploy.0 = Release|Any CPU
	EndGlobalSection
	GlobalSection(SolutionProperties) = preSolution
		HideSolutionNode = FALSE
	EndGlobalSection
	GlobalSection(ExtensibilityGlobals) = postSolution
		SolutionGuid = {7BE80A9C-74B4-458F-8DA3-0769EB8FBBEB}
	EndGlobalSection
EndGlobal
